
Microsoft Visual Studio Solution File, Format Version 12.00
# Visual Studio Version 16
VisualStudioVersion = 16.0.30104.148
MinimumVisualStudioVersion = 10.0.40219.1
Project("{FAE04EC0-301F-11D3-BF4B-00C04F79EFBC}") = "BanditsMerge", "BanditsMerge\BanditsMerge.csproj", "{CDA20DED-74AD-4DD8-BF87-95AC15B71002}"
EndProject
Global
	GlobalSection(SolutionConfigurationPlatforms) = preSolution
		Debug|Any CPU = Debug|Any CPU
		Release|Any CPU = Release|Any CPU
	EndGlobalSection
	GlobalSection(ProjectConfigurationPlatforms) = postSolution
		{CDA20DED-74AD-4DD8-BF87-95AC15B71002}.Debug|Any CPU.ActiveCfg = Debug|Any CPU
		{CDA20DED-74AD-4DD8-BF87-95AC15B71002}.Debug|Any CPU.Build.0 = Debug|Any CPU
		{CDA20DED-74AD-4DD8-BF87-95AC15B71002}.Release|Any CPU.ActiveCfg = Release|Any CPU
		{CDA20DED-74AD-4DD8-BF87-95AC15B71002}.Release|Any CPU.Build.0 = Release|Any CPU
	EndGlobalSection
	GlobalSection(SolutionProperties) = preSolution
		HideSolutionNode = FALSE
	EndGlobalSection
	GlobalSection(ExtensibilityGlobals) = postSolution
		SolutionGuid = {6FA1F8D9-660B-4765-970F-5E41D2E2BCCD}
	EndGlobalSection
EndGlobal
